
Microsoft Visual Studio Solution File, Format Version 12.00
# Visual Studio 2012
Project("{FAE04EC0-301F-11D3-BF4B-00C04F79EFBC}") = "SLXI", "SLXI\SLXI.csproj", "{5D6113C6-8314-4BB8-A2A4-1B3AB4565DCF}"
EndProject
Global
	GlobalSection(SolutionConfigurationPlatforms) = preSolution
		Debug|Any CPU = Debug|Any CPU
		Release|Any CPU = Release|Any CPU
	EndGlobalSection
	GlobalSection(ProjectConfigurationPlatforms) = postSolution
		{5D6113C6-8314-4BB8-A2A4-1B3AB4565DCF}.Debug|Any CPU.ActiveCfg = Debug|Any CPU
		{5D6113C6-8314-4BB8-A2A4-1B3AB4565DCF}.Debug|Any CPU.Build.0 = Debug|Any CPU
		{5D6113C6-8314-4BB8-A2A4-1B3AB4565DCF}.Release|Any CPU.ActiveCfg = Release|Any CPU
		{5D6113C6-8314-4BB8-A2A4-1B3AB4565DCF}.Release|Any CPU.Build.0 = Release|Any CPU
	EndGlobalSection
	GlobalSection(SolutionProperties) = preSolution
		HideSolutionNode = FALSE
	EndGlobalSection
EndGlobal
